// !$*UTF8*$!
{
	archiveVersion = 1;
	classes = {
	};
	objectVersion = 50;
	objects = {

/* Begin PBXBuildFile section */
		98F963DD226F157000A3081D /* JJHardwareDecode.framework in Frameworks */ = {isa = PBXBuildFile; fileRef = 98F963D3226F157000A3081D /* JJHardwareDecode.framework */; };
		98F963E2226F157000A3081D /* JJHardwareDecodeTests.swift in Sources */ = {isa = PBXBuildFile; fileRef = 98F963E1226F157000A3081D /* JJHardwareDecodeTests.swift */; };
		98F963E4226F157000A3081D /* JJHardwareDecode.h in Headers */ = {isa = PBXBuildFile; fileRef = 98F963D6226F157000A3081D /* JJHardwareDecode.h */; settings = {ATTRIBUTES = (Public, ); }; };
		98F963EE226F15A800A3081D /* MyHardwareDecoder.swift in Sources */ = {isa = PBXBuildFile; fileRef = 98F963ED226F15A800A3081D /* MyHardwareDecoder.swift */; };
/* End PBXBuildFile section */

/* Begin PBXContainerItemProxy section */
		98F963DE226F157000A3081D /* PBXContainerItemProxy */ = {
			isa = PBXContainerItemProxy;
			containerPortal = 98F963CA226F157000A3081D /* Project object */;
			proxyType = 1;
			remoteGlobalIDString = 98F963D2226F157000A3081D;
			remoteInfo = JJHardwareDecode;
		};
/* End PBXContainerItemProxy section */

/* Begin PBXFileReference section */
		98F963D3226F157000A3081D /* JJHardwareDecode.framework */ = {isa = PBXFileReference; explicitFileType = wrapper.framework; includeInIndex = 0; path = JJHardwareDecode.framework; sourceTree = BUILT_PRODUCTS_DIR; };
		98F963D6226F157000A3081D /* JJHardwareDecode.h */ = {isa = PBXFileReference; lastKnownFileType = sourcecode.c.h; path = JJHardwareDecode.h; sourceTree = "<group>"; };
		98F963D7226F157000A3081D /* Info.plist */ = {isa = PBXFileReference; lastKnownFileType = text.plist.xml; path = Info.plist; sourceTree = "<group>"; };
		98F963DC226F157000A3081D /* JJHardwareDecodeTests.xctest */ = {isa = PBXFileReference; explicitFileType = wrapper.cfbundle; includeInIndex = 0; path = JJHardwareDecodeTests.xctest; sourceTree = BUILT_PRODUCTS_DIR; };
		98F963E1226F157000A3081D /* JJHardwareDecodeTests.swift */ = {isa = PBXFileReference; lastKnownFileType = sourcecode.swift; path = JJHardwareDecodeTests.swift; sourceTree = "<group>"; };
		98F963E3226F157000A3081D /* Info.plist */ = {isa = PBXFileReference; lastKnownFileType = text.plist.xml; path = Info.plist; sourceTree = "<group>"; };
		98F963ED226F15A800A3081D /* MyHardwareDecoder.swift */ = {isa = PBXFileReference; fileEncoding = 4; lastKnownFileType = sourcecode.swift; path = MyHardwareDecoder.swift; sourceTree = "<group>"; };
/* End PBXFileReference section */

/* Begin PBXFrameworksBuildPhase section */
		98F963D0226F157000A3081D /* Frameworks */ = {
			isa = PBXFrameworksBuildPhase;
			buildActionMask = 2147483647;
			files = (
			);
			runOnlyForDeploymentPostprocessing = 0;
		};
		98F963D9226F157000A3081D /* Frameworks */ = {
			isa = PBXFrameworksBuildPhase;
			buildActionMask = 2147483647;
			files = (
				98F963DD226F157000A3081D /* JJHardwareDecode.framework in Frameworks */,
			);
			runOnlyForDeploymentPostprocessing = 0;
		};
/* End PBXFrameworksBuildPhase section */

/* Begin PBXGroup section */
		98F963C9226F157000A3081D = {
			isa = PBXGroup;
			children = (
				98F963D5226F157000A3081D /* JJHardwareDecode */,
				98F963E0226F157000A3081D /* JJHardwareDecodeTests */,
				98F963D4226F157000A3081D /* Products */,
			);
			sourceTree = "<group>";
		};
		98F963D4226F157000A3081D /* Products */ = {
			isa = PBXGroup;
			children = (
				98F963D3226F157000A3081D /* JJHardwareDecode.framework */,
				98F963DC226F157000A3081D /* JJHardwareDecodeTests.xctest */,
			);
			name = Products;
			sourceTree = "<group>";
		};
		98F963D5226F157000A3081D /* JJHardwareDecode */ = {
			isa = PBXGroup;
			children = (
				98F963ED226F15A800A3081D /* MyHardwareDecoder.swift */,
				98F963D6226F157000A3081D /* JJHardwareDecode.h */,
				98F963D7226F157000A3081D /* Info.plist */,
			);
			path = JJHardwareDecode;
			sourceTree = "<group>";
		};
		98F963E0226F157000A3081D /* JJHardwareDecodeTests */ = {
			isa = PBXGroup;
			children = (
				98F963E1226F157000A3081D /* JJHardwareDecodeTests.swift */,
				98F963E3226F157000A3081D /* Info.plist */,
			);
			path = JJHardwareDecodeTests;
			sourceTree = "<group>";
		};
/* End PBXGroup section */

/* Begin PBXHeadersBuildPhase section */
		98F963CE226F157000A3081D /* Headers */ = {
			isa = PBXHeadersBuildPhase;
			buildActionMask = 2147483647;
			files = (
				98F963E4226F157000A3081D /* JJHardwareDecode.h in Headers */,
			);
			runOnlyForDeploymentPostprocessing = 0;
		};
/* End PBXHeadersBuildPhase section */

/* Begin PBXNativeTarget section */
		98F963D2226F157000A3081D /* JJHardwareDecode */ = {
			isa = PBXNativeTarget;
			buildConfigurationList = 98F963E7226F157000A3081D /* Build configuration list for PBXNativeTarget "JJHardwareDecode" */;
			buildPhases = (
				98F963CE226F157000A3081D /* Headers */,
				98F963CF226F157000A3081D /* Sources */,
				98F963D0226F157000A3081D /* Frameworks */,
				98F963D1226F157000A3081D /* Resources */,
			);
			buildRules = (
			);
			dependencies = (
			);
			name = JJHardwareDecode;
			productName = JJHardwareDecode;
			productReference = 98F963D3226F157000A3081D /* JJHardwareDecode.framework */;
			productType = "com.apple.product-type.framework";
		};
		98F963DB226F157000A3081D /* JJHardwareDecodeTests */ = {
			isa = PBXNativeTarget;
			buildConfigurationList = 98F963EA226F157000A3081D /* Build configuration list for PBXNativeTarget "JJHardwareDecodeTests" */;
			buildPhases = (
				98F963D8226F157000A3081D /* Sources */,
				98F963D9226F157000A3081D /* Frameworks */,
				98F963DA226F157000A3081D /* Resources */,
			);
			buildRules = (
			);
			dependencies = (
				98F963DF226F157000A3081D /* PBXTargetDependency */,
			);
			name = JJHardwareDecodeTests;
			productName = JJHardwareDecodeTests;
			productReference = 98F963DC226F157000A3081D /* JJHardwareDecodeTests.xctest */;
			productType = "com.apple.product-type.bundle.unit-test";
		};
/* End PBXNativeTarget section */

/* Begin PBXProject section */
		98F963CA226F157000A3081D /* Project object */ = {
			isa = PBXProject;
			attributes = {
				LastSwiftUpdateCheck = 1010;
				LastUpgradeCheck = 1010;
				ORGANIZATIONNAME = "Johnson Chan";
				TargetAttributes = {
					98F963D2226F157000A3081D = {
						CreatedOnToolsVersion = 10.1;
						LastSwiftMigration = 1010;
					};
					98F963DB226F157000A3081D = {
						CreatedOnToolsVersion = 10.1;
					};
				};
			};
			buildConfigurationList = 98F963CD226F157000A3081D /* Build configuration list for PBXProject "JJHardwareDecode" */;
			compatibilityVersion = "Xcode 9.3";
			developmentRegion = en;
			hasScannedForEncodings = 0;
			knownRegions = (
				en,
			);
			mainGroup = 98F963C9226F157000A3081D;
			productRefGroup = 98F963D4226F157000A3081D /* Products */;
			projectDirPath = "";
			projectRoot = "";
			targets = (
				98F963D2226F157000A3081D /* JJHardwareDecode */,
				98F963DB226F157000A3081D /* JJHardwareDecodeTests */,
			);
		};
/* End PBXProject section */

/* Begin PBXResourcesBuildPhase section */
		98F963D1226F157000A3081D /* Resources */ = {
			isa = PBXResourcesBuildPhase;
			buildActionMask = 2147483647;
			files = (
			);
			runOnlyForDeploymentPostprocessing = 0;
		};
		98F963DA226F157000A3081D /* Resources */ = {
			isa = PBXResourcesBuildPhase;
			buildActionMask = 2147483647;
			files = (
			);
			runOnlyForDeploymentPostprocessing = 0;
		};
/* End PBXResourcesBuildPhase section */

/* Begin PBXSourcesBuildPhase section */
		98F963CF226F157000A3081D /* Sources */ = {
			isa = PBXSourcesBuildPhase;
			buildActionMask = 2147483647;
			files = (
				98F963EE226F15A800A3081D /* MyHardwareDecoder.swift in Sources */,
			);
			runOnlyForDeploymentPostprocessing = 0;
		};
		98F963D8226F157000A3081D /* Sources */ = {
			isa = PBXSourcesBuildPhase;
			buildActionMask = 2147483647;
			files = (
				98F963E2226F157000A3081D /* JJHardwareDecodeTests.swift in Sources */,
			);
			runOnlyForDeploymentPostprocessing = 0;
		};
/* End PBXSourcesBuildPhase section */

/* Begin PBXTargetDependency section */
		98F963DF226F157000A3081D /* PBXTargetDependency */ = {
			isa = PBXTargetDependency;
			target = 98F963D2226F157000A3081D /* JJHardwareDecode */;
			targetProxy = 98F963DE226F157000A3081D /* PBXContainerItemProxy */;
		};
/* End PBXTargetDependency section */

/* Begin XCBuildConfiguration section */
		98F963E5226F157000A3081D /* Debug */ = {
			isa = XCBuildConfiguration;
			buildSettings = {
				ALWAYS_SEARCH_USER_PATHS = NO;
				CLANG_ANALYZER_NONNULL = YES;
				CLANG_ANALYZER_NUMBER_OBJECT_CONVERSION = YES_AGGRESSIVE;
				CLANG_CXX_LANGUAGE_STANDARD = "gnu++14";
				CLANG_CXX_LIBRARY = "libc++";
				CLANG_ENABLE_MODULES = YES;
				CLANG_ENABLE_OBJC_ARC = YES;
				CLANG_ENABLE_OBJC_WEAK = YES;
				CLANG_WARN_BLOCK_CAPTURE_AUTORELEASING = YES;
				CLANG_WARN_BOOL_CONVERSION = YES;
				CLANG_WARN_COMMA = YES;
				CLANG_WARN_CONSTANT_CONVERSION = YES;
				CLANG_WARN_DEPRECATED_OBJC_IMPLEMENTATIONS = YES;
				CLANG_WARN_DIRECT_OBJC_ISA_USAGE = YES_ERROR;
				CLANG_WARN_DOCUMENTATION_COMMENTS = YES;
				CLANG_WARN_EMPTY_BODY = YES;
				CLANG_WARN_ENUM_CONVERSION = YES;
				CLANG_WARN_INFINITE_RECURSION = YES;
				CLANG_WARN_INT_CONVERSION = YES;
				CLANG_WARN_NON_LITERAL_NULL_CONVERSION = YES;
				CLANG_WARN_OBJC_IMPLICIT_RETAIN_SELF = YES;
				CLANG_WARN_OBJC_LITERAL_CONVERSION = YES;
				CLANG_WARN_OBJC_ROOT_CLASS = YES_ERROR;
				CLANG_WARN_RANGE_LOOP_ANALYSIS = YES;
				CLANG_WARN_STRICT_PROTOTYPES = YES;
				CLANG_WARN_SUSPICIOUS_MOVE = YES;
				CLANG_WARN_UNGUARDED_AVAILABILITY = YES_AGGRESSIVE;
				CLANG_WARN_UNREACHABLE_CODE = YES;
				CLANG_WARN__DUPLICATE_METHOD_MATCH = YES;
				CODE_SIGN_IDENTITY = "iPhone Developer";
				COPY_PHASE_STRIP = NO;
				CURRENT_PROJECT_VERSION = 1;
				DEBUG_INFORMATION_FORMAT = dwarf;
				ENABLE_STRICT_OBJC_MSGSEND = YES;
				ENABLE_TESTABILITY = YES;
				GCC_C_LANGUAGE_STANDARD = gnu11;
				GCC_DYNAMIC_NO_PIC = NO;
				GCC_NO_COMMON_BLOCKS = YES;
				GCC_OPTIMIZATION_LEVEL = 0;
				GCC_PREPROCESSOR_DEFINITIONS = (
					"DEBUG=1",
					"$(inherited)",
				);
				GCC_WARN_64_TO_32_BIT_CONVERSION = YES;
				GCC_WARN_ABOUT_RETURN_TYPE = YES_ERROR;
				GCC_WARN_UNDECLARED_SELECTOR = YES;
				GCC_WARN_UNINITIALIZED_AUTOS = YES_AGGRESSIVE;
				GCC_WARN_UNUSED_FUNCTION = YES;
				GCC_WARN_UNUSED_VARIABLE = YES;
				IPHONEOS_DEPLOYMENT_TARGET = 12.1;
				MTL_ENABLE_DEBUG_INFO = INCLUDE_SOURCE;
				MTL_FAST_MATH = YES;
				ONLY_ACTIVE_ARCH = YES;
				SDKROOT = iphoneos;
				SWIFT_ACTIVE_COMPILATION_CONDITIONS = DEBUG;
				SWIFT_OPTIMIZATION_LEVEL = "-Onone";
				VERSIONING_SYSTEM = "apple-generic";
				VERSION_INFO_PREFIX = "";
			};
			name = Debug;
		};
		98F963E6226F157000A3081D /* Release */ = {
			isa = XCBuildConfiguration;
			buildSettings = {
				ALWAYS_SEARCH_USER_PATHS = NO;
				CLANG_ANALYZER_NONNULL = YES;
				CLANG_ANALYZER_NUMBER_OBJECT_CONVERSION = YES_AGGRESSIVE;
				CLANG_CXX_LANGUAGE_STANDARD = "gnu++14";
				CLANG_CXX_LIBRARY = "libc++";
				CLANG_ENABLE_MODULES = YES;
				CLANG_ENABLE_OBJC_ARC = YES;
				CLANG_ENABLE_OBJC_WEAK = YES;
				CLANG_WARN_BLOCK_CAPTURE_AUTORELEASING = YES;
				CLANG_WARN_BOOL_CONVERSION = YES;
				CLANG_WARN_COMMA = YES;
				CLANG_WARN_CONSTANT_CONVERSION = YES;
				CLANG_WARN_DEPRECATED_OBJC_IMPLEMENTATIONS = YES;
				CLANG_WARN_DIRECT_OBJC_ISA_USAGE = YES_ERROR;
				CLANG_WARN_DOCUMENTATION_COMMENTS = YES;
				CLANG_WARN_EMPTY_BODY = YES;
				CLANG_WARN_ENUM_CONVERSION = YES;
				CLANG_WARN_INFINITE_RECURSION = YES;
				CLANG_WARN_INT_CONVERSION = YES;
				CLANG_WARN_NON_LITERAL_NULL_CONVERSION = YES;
				CLANG_WARN_OBJC_IMPLICIT_RETAIN_SELF = YES;
				CLANG_WARN_OBJC_LITERAL_CONVERSION = YES;
				CLANG_WARN_OBJC_ROOT_CLASS = YES_ERROR;
				CLANG_WARN_RANGE_LOOP_ANALYSIS = YES;
				CLANG_WARN_STRICT_PROTOTYPES = YES;
				CLANG_WARN_SUSPICIOUS_MOVE = YES;
				CLANG_WARN_UNGUARDED_AVAILABILITY = YES_AGGRESSIVE;
				CLANG_WARN_UNREACHABLE_CODE = YES;
				CLANG_WARN__DUPLICATE_METHOD_MATCH = YES;
				CODE_SIGN_IDENTITY = "iPhone Developer";
				COPY_PHASE_STRIP = NO;
				CURRENT_PROJECT_VERSION = 1;
				DEBUG_INFORMATION_FORMAT = "dwarf-with-dsym";
				ENABLE_NS_ASSERTIONS = NO;
				ENABLE_STRICT_OBJC_MSGSEND = YES;
				GCC_C_LANGUAGE_STANDARD = gnu11;
				GCC_NO_COMMON_BLOCKS = YES;
				GCC_WARN_64_TO_32_BIT_CONVERSION = YES;
				GCC_WARN_ABOUT_RETURN_TYPE = YES_ERROR;
				GCC_WARN_UNDECLARED_SELECTOR = YES;
				GCC_WARN_UNINITIALIZED_AUTOS = YES_AGGRESSIVE;
				GCC_WARN_UNUSED_FUNCTION = YES;
				GCC_WARN_UNUSED_VARIABLE = YES;
				IPHONEOS_DEPLOYMENT_TARGET = 12.1;
				MTL_ENABLE_DEBUG_INFO = NO;
				MTL_FAST_MATH = YES;
				SDKROOT = iphoneos;
				SWIFT_COMPILATION_MODE = wholemodule;
				SWIFT_OPTIMIZATION_LEVEL = "-O";
				VALIDATE_PRODUCT = YES;
				VERSIONING_SYSTEM = "apple-generic";
				VERSION_INFO_PREFIX = "";
			};
			name = Release;
		};
		98F963E8226F157000A3081D /* Debug */ = {
			isa = XCBuildConfiguration;
			buildSettings = {
				CLANG_ENABLE_MODULES = YES;
				CODE_SIGN_IDENTITY = "";
				CODE_SIGN_STYLE = Automatic;
				DEFINES_MODULE = YES;
				DEVELOPMENT_TEAM = 4GFS84D5GW;
				DYLIB_COMPATIBILITY_VERSION = 1;
				DYLIB_CURRENT_VERSION = 1;
				DYLIB_INSTALL_NAME_BASE = "@rpath";
				INFOPLIST_FILE = JJHardwareDecode/Info.plist;
				INSTALL_PATH = "$(LOCAL_LIBRARY_DIR)/Frameworks";
				LD_RUNPATH_SEARCH_PATHS = (
					"$(inherited)",
					"@executable_path/Frameworks",
					"@loader_path/Frameworks",
				);
				PRODUCT_BUNDLE_IDENTIFIER = com.jjohnson.JJHardwareDecode;
				PRODUCT_NAME = "$(TARGET_NAME:c99extidentifier)";
				SKIP_INSTALL = YES;
				SWIFT_OPTIMIZATION_LEVEL = "-Onone";
				SWIFT_VERSION = 4.2;
				TARGETED_DEVICE_FAMILY = "1,2";
			};
			name = Debug;
		};
		98F963E9226F157000A3081D /* Release */ = {
			isa = XCBuildConfiguration;
			buildSettings = {
				CLANG_ENABLE_MODULES = YES;
				CODE_SIGN_IDENTITY = "";
				CODE_SIGN_STYLE = Automatic;
				DEFINES_MODULE = YES;
				DEVELOPMENT_TEAM = 4GFS84D5GW;
				DYLIB_COMPATIBILITY_VERSION = 1;
				DYLIB_CURRENT_VERSION = 1;
				DYLIB_INSTALL_NAME_BASE = "@rpath";
				INFOPLIST_FILE = JJHardwareDecode/Info.plist;
				INSTALL_PATH = "$(LOCAL_LIBRARY_DIR)/Frameworks";
				LD_RUNPATH_SEARCH_PATHS = (
					"$(inherited)",
					"@executable_path/Frameworks",
					"@loader_path/Frameworks",
				);
				PRODUCT_BUNDLE_IDENTIFIER = com.jjohnson.JJHardwareDecode;
				PRODUCT_NAME = "$(TARGET_NAME:c99extidentifier)";
				SKIP_INSTALL = YES;
				SWIFT_VERSION = 4.2;
				TARGETED_DEVICE_FAMILY = "1,2";
			};
			name = Release;
		};
		98F963EB226F157000A3081D /* Debug */ = {
			isa = XCBuildConfiguration;
			buildSettings = {
				ALWAYS_EMBED_SWIFT_STANDARD_LIBRARIES = YES;
				CODE_SIGN_STYLE = Automatic;
				DEVELOPMENT_TEAM = 4GFS84D5GW;
				INFOPLIST_FILE = JJHardwareDecodeTests/Info.plist;
				LD_RUNPATH_SEARCH_PATHS = (
					"$(inherited)",
					"@executable_path/Frameworks",
					"@loader_path/Frameworks",
				);
				PRODUCT_BUNDLE_IDENTIFIER = com.jjohnson.JJHardwareDecodeTests;
				PRODUCT_NAME = "$(TARGET_NAME)";
				SWIFT_VERSION = 4.2;
				TARGETED_DEVICE_FAMILY = "1,2";
			};
			name = Debug;
		};
		98F963EC226F157000A3081D /* Release */ = {
			isa = XCBuildConfiguration;
			buildSettings = {
				ALWAYS_EMBED_SWIFT_STANDARD_LIBRARIES = YES;
				CODE_SIGN_STYLE = Automatic;
				DEVELOPMENT_TEAM = 4GFS84D5GW;
				INFOPLIST_FILE = JJHardwareDecodeTests/Info.plist;
				LD_RUNPATH_SEARCH_PATHS = (
					"$(inherited)",
					"@executable_path/Frameworks",
					"@loader_path/Frameworks",
				);
				PRODUCT_BUNDLE_IDENTIFIER = com.jjohnson.JJHardwareDecodeTests;
				PRODUCT_NAME = "$(TARGET_NAME)";
				SWIFT_VERSION = 4.2;
				TARGETED_DEVICE_FAMILY = "1,2";
			};
			name = Release;
		};
/* End XCBuildConfiguration section */

/* Begin XCConfigurationList section */
		98F963CD226F157000A3081D /* Build configuration list for PBXProject "JJHardwareDecode" */ = {
			isa = XCConfigurationList;
			buildConfigurations = (
				98F963E5226F157000A3081D /* Debug */,
				98F963E6226F157000A3081D /* Release */,
			);
			defaultConfigurationIsVisible = 0;
			defaultConfigurationName = Release;
		};
		98F963E7226F157000A3081D /* Build configuration list for PBXNativeTarget "JJHardwareDecode" */ = {
			isa = XCConfigurationList;
			buildConfigurations = (
				98F963E8226F157000A3081D /* Debug */,
				98F963E9226F157000A3081D /* Release */,
			);
			defaultConfigurationIsVisible = 0;
			defaultConfigurationName = Release;
		};
		98F963EA226F157000A3081D /* Build configuration list for PBXNativeTarget "JJHardwareDecodeTests" */ = {
			isa = XCConfigurationList;
			buildConfigurations = (
				98F963EB226F157000A3081D /* Debug */,
				98F963EC226F157000A3081D /* Release */,
			);
			defaultConfigurationIsVisible = 0;
			defaultConfigurationName = Release;
		};
/* End XCConfigurationList section */
	};
	rootObject = 98F963CA226F157000A3081D /* Project object */;
}
